
Microsoft Visual Studio Solution File, Format Version 12.00
# Visual Studio Version 17
VisualStudioVersion = 17.4.33205.214
MinimumVisualStudioVersion = 10.0.40219.1
Project("{9A19103F-16F7-4668-BE54-9A1E7A4F7556}") = "LukeWarmCorners.WPF", "LukeWarmCorners.WPF\LukeWarmCorners.WPF.csproj", "{B87E810F-FEF4-4483-8891-04D9CBC7DB18}"
EndProject
Project("{9A19103F-16F7-4668-BE54-9A1E7A4F7556}") = "LukeWarmCorners.Core", "LukeWarmCorners.Core\LukeWarmCorners.Core.csproj", "{DCE07717-BA77-4995-9F8D-5882118773A2}"
EndProject
Global
	GlobalSection(SolutionConfigurationPlatforms) = preSolution
		Debug|Any CPU = Debug|Any CPU
		Release|Any CPU = Release|Any CPU
	EndGlobalSection
	GlobalSection(ProjectConfigurationPlatforms) = postSolution
		{B87E810F-FEF4-4483-8891-04D9CBC7DB18}.Debug|Any CPU.ActiveCfg = Debug|Any CPU
		{B87E810F-FEF4-4483-8891-04D9CBC7DB18}.Debug|Any CPU.Build.0 = Debug|Any CPU
		{B87E810F-FEF4-4483-8891-04D9CBC7DB18}.Release|Any CPU.ActiveCfg = Release|Any CPU
		{B87E810F-FEF4-4483-8891-04D9CBC7DB18}.Release|Any CPU.Build.0 = Release|Any CPU
		{DCE07717-BA77-4995-9F8D-5882118773A2}.Debug|Any CPU.ActiveCfg = Debug|Any CPU
		{DCE07717-BA77-4995-9F8D-5882118773A2}.Debug|Any CPU.Build.0 = Debug|Any CPU
		{DCE07717-BA77-4995-9F8D-5882118773A2}.Release|Any CPU.ActiveCfg = Release|Any CPU
		{DCE07717-BA77-4995-9F8D-5882118773A2}.Release|Any CPU.Build.0 = Release|Any CPU
	EndGlobalSection
	GlobalSection(SolutionProperties) = preSolution
		HideSolutionNode = FALSE
	EndGlobalSection
	GlobalSection(ExtensibilityGlobals) = postSolution
		SolutionGuid = {4E483614-6556-4C98-8899-B40D04E8900E}
	EndGlobalSection
EndGlobal
